{
  "version": 4,
  "terraform_version": "1.5.2",
  "serial": 246,
  "lineage": "ffe191ce-5c63-f99e-7e0f-78acec36a4cc",
  "outputs": {
    "jenkins_ip_address": {
      "value": "192.168.1.20",
      "type": "string"
    },
    "jenkins_ip_address_nat": {
      "value": "158.160.57.38",
      "type": "string"
    },
    "master_ip_address": {
      "value": "192.168.1.33",
      "type": "string"
    },
    "master_ip_address_nat": {
      "value": "158.160.36.239",
      "type": "string"
    },
    "worker_nodes_ip_address": {
      "value": [
        [
          "name  = worker-node-0",
          "ip_address = 192.168.2.8"
        ],
        [
          "name  = worker-node-1",
          "ip_address = 192.168.3.26"
        ]
      ],
      "type": [
        "tuple",
        [
          [
            "tuple",
            [
              "string",
              "string"
            ]
          ],
          [
            "tuple",
            [
              "string",
              "string"
            ]
          ]
        ]
      ]
    },
    "worker_nodes_ip_address_nat": {
      "value": [
        [
          "name  = worker-node-0",
          "ip_address_nat = 51.250.107.247"
        ],
        [
          "name  = worker-node-1",
          "ip_address_nat = 51.250.27.49"
        ]
      ],
      "type": [
        "tuple",
        [
          [
            "tuple",
            [
              "string",
              "string"
            ]
          ],
          [
            "tuple",
            [
              "string",
              "string"
            ]
          ]
        ]
      ]
    }
  },
  "resources": [
    {
      "mode": "data",
      "type": "template_file",
      "name": "cloudinit",
      "provider": "provider[\"registry.terraform.io/hashicorp/template\"]",
      "instances": [
        {
          "schema_version": 0,
          "attributes": {
            "filename": null,
            "id": "04410c3a8b24d1b46f102994c4b693bf3c1fd5bc91afd60e510603073726d620",
            "rendered": "#cloud-config\nusers:\n  - name: ubuntu\n    groups: sudo\n    shell: /bin/bash\n    sudo: ['ALL=(ALL) NOPASSWD:ALL']\n    ssh_authorized_keys:\n      - ssh-rsa AAAAB3NzaC1yc2EAAAADAQABAAABgQCzwxDjhq2Bmhuvj62VJAq9kErGQC9bjtcQ8aQaOvVj2iodW4+stnnOb1UICdCouluHzAHwupQaI+jGdNB2zl9z05cT4iY8ecQIt3quyoxx+SxxfKb6ElzXCuzDK34fELJXwka8De9SJ4YQZZdNvt8wW79mvvJRbN3yebHJg5HpbllruvExh/MfPDjZ3T5rEd73CReH6RB1oFEMEex9n9a/CVn7xY66FGBjDw5eIoLa/jnT+iIe+mOSevslPrxKXVv0q+IFIXRHncDahBRCYaXmfKtWJ6JnN5Cntm6wL+zpGrUenn3sxjQ3FvgZdTprnJrlwB0hnFrO6B2WwRJ+GswVjw69Y9fh9SxCWNsUfGza14dyzpoYXqxuzsTsaWHRm7ITi1aNYH+bevruqEvjmAIcNtGEnlfLv3KSk5hlv13xCt1Q8iN20sQCq0PPqiIjtivTcMd46roWCT+L9Rq1xAHVCeZDRbBb8EY+wAiS91otg/+O+Nbihe/LnpRjAoFijfc= sergo@ubuntu-pc\n\n  - name: jenkins\n    groups: sudo\n    shell: /bin/bash\n    sudo: ['ALL=(ALL) NOPASSWD:ALL']\n    ssh_authorized_keys:\n      - ssh-rsa AAAAB3NzaC1yc2EAAAADAQABAAABgQCUEZCmEK/nVLwv6GxrodlrKk3Wfi4PL+mp5Y6aLB+BbPhBQNsdfPRJZXamgQwIyoDoxa1oltU7e2qr1bz0qNfDw0WU+m/VykzNN9iuHBJ6NsnH7ewk/QiWlfnfqwqVjGpLhTrIknM03NVFDVyloYtUMMD2qzranlzilfxu8cvSmT6qw5sN4n3H1SvUNfTWyXKhujrmLBMAGJ+aTjcPMoN1F15SM7PiKA/0rtNWuiCAlWrK/LZ15WBEc3VdUYIwxcSa6ONnQ/KWfxzYpOwjIm7FwMpwzWxUmmZGbwVYut8fDdOGN0sB+yo5okAdEgaLt55jOIM/93D1uY+JDVcTBM5QKg3natJszPagteJ7uqwQEetMN3dpAxG0MaRa0zAyJTEp+mrCkaxGopxfIVQNI7Q0nnZ+xH9Jq2kkJ/xMZQl7zkqutiDKjHqXq0z9lKCmwxh90QWRl1C1OZIP2QT7A8sfgUSFwkCOle2+lxgVkbsxM01bke5jZXXRNpr1osDy0/U= sergo@ubuntu-pc\n\npackage_update: false\npackage_upgrade: false\npackages:\n  - nginx\n  - mc\nfinal_message:\n  - \"Container initialisation complete.\"",
            "template": "#cloud-config\nusers:\n  - name: ubuntu\n    groups: sudo\n    shell: /bin/bash\n    sudo: ['ALL=(ALL) NOPASSWD:ALL']\n    ssh_authorized_keys:\n      - ${file(\"~/.ssh/id_rsa.pub\")}\n  - name: jenkins\n    groups: sudo\n    shell: /bin/bash\n    sudo: ['ALL=(ALL) NOPASSWD:ALL']\n    ssh_authorized_keys:\n      - ${file(\"~/.ssh/jenk.pub\")}\npackage_update: false\npackage_upgrade: false\npackages:\n  - nginx\n  - mc\nfinal_message:\n  - \"Container initialisation complete.\"",
            "vars": null
          },
          "sensitive_attributes": []
        }
      ]
    },
    {
      "mode": "data",
      "type": "yandex_compute_image",
      "name": "ubuntu-2204-lts",
      "provider": "provider[\"registry.terraform.io/yandex-cloud/yandex\"]",
      "instances": [
        {
          "schema_version": 0,
          "attributes": {
            "created_at": "2024-02-26T10:56:26Z",
            "description": "ubuntu 22.04 lts",
            "family": "ubuntu-2204-lts",
            "folder_id": "standard-images",
            "id": "fd8hnnsnfn3v88bk0k1o",
            "image_id": "fd8hnnsnfn3v88bk0k1o",
            "labels": {},
            "min_disk_size": 8,
            "name": "ubuntu-22-04-lts-v20240226",
            "os_type": "linux",
            "pooled": true,
            "product_ids": [
              "f2ej6hk1qmuqu40ku14r"
            ],
            "size": 7,
            "status": "ready"
          },
          "sensitive_attributes": []
        }
      ]
    },
    {
      "mode": "managed",
      "type": "local_file",
      "name": "backendConf",
      "provider": "provider[\"registry.terraform.io/hashicorp/local\"]",
      "instances": [
        {
          "schema_version": 0,
          "attributes": {
            "content": "endpoint = \"storage.yandexcloud.net\"\nbucket = \"diplom-bucket\"\nregion = \"ru-central1\"\nkey = \"terraform/terraform.tfstate\"\naccess_key = \"YCAJEDDLG5B1EntqM6jUYYwSw\"\nsecret_key = \"YCNm-yrWgpFU2K3apQu7Bfj9-FA-7a_Yyrw0Tsu0\"\nskip_region_validation = true\nskip_credentials_validation = true\n",
            "content_base64": null,
            "content_base64sha256": "4j1FkvhhaDHgI1blpZEnBeOrcrc1fSAGx98XsvmTum4=",
            "content_base64sha512": "uQqWZqRQnYPY+TgPcxwO7XuvjJZ8OCeGQvXSQUC8VzCkfiygEo6iWzWu2AZkCBXpykH4OJ63D9UHok5qcQ+Jvw==",
            "content_md5": "70b214a25a042502d6060dc489602785",
            "content_sha1": "b451e10b3b429138bed44ac0de20387ac785b76d",
            "content_sha256": "e23d4592f8616831e02356e5a5912705e3ab72b7357d2006c7df17b2f993ba6e",
            "content_sha512": "b90a9666a4509d83d8f9380f731c0eed7baf8c967c38278642f5d24140bc5730a47e2ca0128ea25b35aed806640815e9ca41f8389eb70fd507a24e6a710f89bf",
            "directory_permission": "0777",
            "file_permission": "0777",
            "filename": "./backend.key",
            "id": "b451e10b3b429138bed44ac0de20387ac785b76d",
            "sensitive_content": null,
            "source": null
          },
          "sensitive_attributes": [
            [
              {
                "type": "get_attr",
                "value": "content"
              }
            ]
          ],
          "dependencies": [
            "yandex_iam_service_account.sergo-diplom",
            "yandex_iam_service_account_static_access_key.bucket-static_access_key",
            "yandex_kms_symmetric_key.key-a",
            "yandex_storage_bucket.diplom-bucket"
          ]
        }
      ]
    },
    {
      "mode": "managed",
      "type": "yandex_compute_instance",
      "name": "jenkins",
      "provider": "provider[\"registry.terraform.io/yandex-cloud/yandex\"]",
      "instances": [
        {
          "schema_version": 1,
          "attributes": {
            "allow_recreate": null,
            "allow_stopping_for_update": true,
            "boot_disk": [
              {
                "auto_delete": true,
                "device_name": "fhmvsm88oka83gghrj7h",
                "disk_id": "fhmvsm88oka83gghrj7h",
                "initialize_params": [
                  {
                    "block_size": 4096,
                    "description": "",
                    "image_id": "fd8hnnsnfn3v88bk0k1o",
                    "name": "",
                    "size": 50,
                    "snapshot_id": "",
                    "type": "network-hdd"
                  }
                ],
                "mode": "READ_WRITE"
              }
            ],
            "created_at": "2024-03-03T05:52:19Z",
            "description": "",
            "filesystem": [],
            "folder_id": "b1gjsnlha3fii86tav22",
            "fqdn": "jenkins",
            "gpu_cluster_id": "",
            "hostname": "jenkins.",
            "id": "fhmokaokg1hophs0ah1k",
            "labels": null,
            "local_disk": [],
            "maintenance_grace_period": "",
            "maintenance_policy": null,
            "metadata": {
              "user-data": "#cloud-config\nusers:\n  - name: ubuntu\n    groups: sudo\n    shell: /bin/bash\n    sudo: ['ALL=(ALL) NOPASSWD:ALL']\n    ssh_authorized_keys:\n      - ssh-rsa AAAAB3NzaC1yc2EAAAADAQABAAABgQCzwxDjhq2Bmhuvj62VJAq9kErGQC9bjtcQ8aQaOvVj2iodW4+stnnOb1UICdCouluHzAHwupQaI+jGdNB2zl9z05cT4iY8ecQIt3quyoxx+SxxfKb6ElzXCuzDK34fELJXwka8De9SJ4YQZZdNvt8wW79mvvJRbN3yebHJg5HpbllruvExh/MfPDjZ3T5rEd73CReH6RB1oFEMEex9n9a/CVn7xY66FGBjDw5eIoLa/jnT+iIe+mOSevslPrxKXVv0q+IFIXRHncDahBRCYaXmfKtWJ6JnN5Cntm6wL+zpGrUenn3sxjQ3FvgZdTprnJrlwB0hnFrO6B2WwRJ+GswVjw69Y9fh9SxCWNsUfGza14dyzpoYXqxuzsTsaWHRm7ITi1aNYH+bevruqEvjmAIcNtGEnlfLv3KSk5hlv13xCt1Q8iN20sQCq0PPqiIjtivTcMd46roWCT+L9Rq1xAHVCeZDRbBb8EY+wAiS91otg/+O+Nbihe/LnpRjAoFijfc= sergo@ubuntu-pc\n\n  - name: jenkins\n    groups: sudo\n    shell: /bin/bash\n    sudo: ['ALL=(ALL) NOPASSWD:ALL']\n    ssh_authorized_keys:\n      - ssh-rsa AAAAB3NzaC1yc2EAAAADAQABAAABgQCUEZCmEK/nVLwv6GxrodlrKk3Wfi4PL+mp5Y6aLB+BbPhBQNsdfPRJZXamgQwIyoDoxa1oltU7e2qr1bz0qNfDw0WU+m/VykzNN9iuHBJ6NsnH7ewk/QiWlfnfqwqVjGpLhTrIknM03NVFDVyloYtUMMD2qzranlzilfxu8cvSmT6qw5sN4n3H1SvUNfTWyXKhujrmLBMAGJ+aTjcPMoN1F15SM7PiKA/0rtNWuiCAlWrK/LZ15WBEc3VdUYIwxcSa6ONnQ/KWfxzYpOwjIm7FwMpwzWxUmmZGbwVYut8fDdOGN0sB+yo5okAdEgaLt55jOIM/93D1uY+JDVcTBM5QKg3natJszPagteJ7uqwQEetMN3dpAxG0MaRa0zAyJTEp+mrCkaxGopxfIVQNI7Q0nnZ+xH9Jq2kkJ/xMZQl7zkqutiDKjHqXq0z9lKCmwxh90QWRl1C1OZIP2QT7A8sfgUSFwkCOle2+lxgVkbsxM01bke5jZXXRNpr1osDy0/U= sergo@ubuntu-pc\n\npackage_update: false\npackage_upgrade: false\npackages:\n  - nginx\n  - mc\nfinal_message:\n  - \"Container initialisation complete.\""
            },
            "metadata_options": [
              {
                "aws_v1_http_endpoint": 1,
                "aws_v1_http_token": 2,
                "gce_http_endpoint": 1,
                "gce_http_token": 1
              }
            ],
            "name": "jenkins",
            "network_acceleration_type": "standard",
            "network_interface": [
              {
                "dns_record": [],
                "index": 0,
                "ip_address": "192.168.1.20",
                "ipv4": true,
                "ipv6": false,
                "ipv6_address": "",
                "ipv6_dns_record": [],
                "mac_address": "d0:0d:18:a2:b1:48",
                "nat": true,
                "nat_dns_record": [],
                "nat_ip_address": "158.160.57.38",
                "nat_ip_version": "IPV4",
                "security_group_ids": [],
                "subnet_id": "e9baoaavr842usqpp4l9"
              }
            ],
            "placement_policy": [
              {
                "host_affinity_rules": [],
                "placement_group_id": "",
                "placement_group_partition": 0
              }
            ],
            "platform_id": "standard-v1",
            "resources": [
              {
                "core_fraction": 100,
                "cores": 4,
                "gpus": 0,
                "memory": 4
              }
            ],
            "scheduling_policy": [
              {
                "preemptible": false
              }
            ],
            "secondary_disk": [],
            "service_account_id": "",
            "status": "running",
            "timeouts": null,
            "zone": "ru-central1-a"
          },
          "sensitive_attributes": [],
          "private": "eyJlMmJmYjczMC1lY2FhLTExZTYtOGY4OC0zNDM2M2JjN2M0YzAiOnsiY3JlYXRlIjozMDAwMDAwMDAwMDAsImRlbGV0ZSI6MzAwMDAwMDAwMDAwLCJ1cGRhdGUiOjMwMDAwMDAwMDAwMH0sInNjaGVtYV92ZXJzaW9uIjoiMSJ9",
          "dependencies": [
            "data.template_file.cloudinit",
            "data.yandex_compute_image.ubuntu-2204-lts",
            "yandex_vpc_network.network",
            "yandex_vpc_subnet.subnet-2"
          ]
        }
      ]
    },
    {
      "mode": "managed",
      "type": "yandex_compute_instance",
      "name": "master-node",
      "provider": "provider[\"registry.terraform.io/yandex-cloud/yandex\"]",
      "instances": [
        {
          "schema_version": 1,
          "attributes": {
            "allow_recreate": null,
            "allow_stopping_for_update": true,
            "boot_disk": [
              {
                "auto_delete": true,
                "device_name": "fhm8nsmk933t237bkofi",
                "disk_id": "fhm8nsmk933t237bkofi",
                "initialize_params": [
                  {
                    "block_size": 4096,
                    "description": "",
                    "image_id": "fd8hnnsnfn3v88bk0k1o",
                    "name": "",
                    "size": 50,
                    "snapshot_id": "",
                    "type": "network-hdd"
                  }
                ],
                "mode": "READ_WRITE"
              }
            ],
            "created_at": "2024-03-03T05:52:19Z",
            "description": "",
            "filesystem": [],
            "folder_id": "b1gjsnlha3fii86tav22",
            "fqdn": "master-node",
            "gpu_cluster_id": "",
            "hostname": "master-node.",
            "id": "fhm1kqra63sj68r2rgte",
            "labels": null,
            "local_disk": [],
            "maintenance_grace_period": "",
            "maintenance_policy": null,
            "metadata": {
              "ssh-keys": "ubuntu:ssh-rsa AAAAB3NzaC1yc2EAAAADAQABAAABgQCzwxDjhq2Bmhuvj62VJAq9kErGQC9bjtcQ8aQaOvVj2iodW4+stnnOb1UICdCouluHzAHwupQaI+jGdNB2zl9z05cT4iY8ecQIt3quyoxx+SxxfKb6ElzXCuzDK34fELJXwka8De9SJ4YQZZdNvt8wW79mvvJRbN3yebHJg5HpbllruvExh/MfPDjZ3T5rEd73CReH6RB1oFEMEex9n9a/CVn7xY66FGBjDw5eIoLa/jnT+iIe+mOSevslPrxKXVv0q+IFIXRHncDahBRCYaXmfKtWJ6JnN5Cntm6wL+zpGrUenn3sxjQ3FvgZdTprnJrlwB0hnFrO6B2WwRJ+GswVjw69Y9fh9SxCWNsUfGza14dyzpoYXqxuzsTsaWHRm7ITi1aNYH+bevruqEvjmAIcNtGEnlfLv3KSk5hlv13xCt1Q8iN20sQCq0PPqiIjtivTcMd46roWCT+L9Rq1xAHVCeZDRbBb8EY+wAiS91otg/+O+Nbihe/LnpRjAoFijfc= sergo@ubuntu-pc\n",
              "user-data": "#cloud-config\nusers:\n  - name: ubuntu\n    groups: sudo\n    shell: /bin/bash\n    sudo: ['ALL=(ALL) NOPASSWD:ALL']\n    ssh_authorized_keys:\n      - ssh-rsa AAAAB3NzaC1yc2EAAAADAQABAAABgQCzwxDjhq2Bmhuvj62VJAq9kErGQC9bjtcQ8aQaOvVj2iodW4+stnnOb1UICdCouluHzAHwupQaI+jGdNB2zl9z05cT4iY8ecQIt3quyoxx+SxxfKb6ElzXCuzDK34fELJXwka8De9SJ4YQZZdNvt8wW79mvvJRbN3yebHJg5HpbllruvExh/MfPDjZ3T5rEd73CReH6RB1oFEMEex9n9a/CVn7xY66FGBjDw5eIoLa/jnT+iIe+mOSevslPrxKXVv0q+IFIXRHncDahBRCYaXmfKtWJ6JnN5Cntm6wL+zpGrUenn3sxjQ3FvgZdTprnJrlwB0hnFrO6B2WwRJ+GswVjw69Y9fh9SxCWNsUfGza14dyzpoYXqxuzsTsaWHRm7ITi1aNYH+bevruqEvjmAIcNtGEnlfLv3KSk5hlv13xCt1Q8iN20sQCq0PPqiIjtivTcMd46roWCT+L9Rq1xAHVCeZDRbBb8EY+wAiS91otg/+O+Nbihe/LnpRjAoFijfc= sergo@ubuntu-pc\n\n  - name: jenkins\n    groups: sudo\n    shell: /bin/bash\n    sudo: ['ALL=(ALL) NOPASSWD:ALL']\n    ssh_authorized_keys:\n      - ssh-rsa AAAAB3NzaC1yc2EAAAADAQABAAABgQCUEZCmEK/nVLwv6GxrodlrKk3Wfi4PL+mp5Y6aLB+BbPhBQNsdfPRJZXamgQwIyoDoxa1oltU7e2qr1bz0qNfDw0WU+m/VykzNN9iuHBJ6NsnH7ewk/QiWlfnfqwqVjGpLhTrIknM03NVFDVyloYtUMMD2qzranlzilfxu8cvSmT6qw5sN4n3H1SvUNfTWyXKhujrmLBMAGJ+aTjcPMoN1F15SM7PiKA/0rtNWuiCAlWrK/LZ15WBEc3VdUYIwxcSa6ONnQ/KWfxzYpOwjIm7FwMpwzWxUmmZGbwVYut8fDdOGN0sB+yo5okAdEgaLt55jOIM/93D1uY+JDVcTBM5QKg3natJszPagteJ7uqwQEetMN3dpAxG0MaRa0zAyJTEp+mrCkaxGopxfIVQNI7Q0nnZ+xH9Jq2kkJ/xMZQl7zkqutiDKjHqXq0z9lKCmwxh90QWRl1C1OZIP2QT7A8sfgUSFwkCOle2+lxgVkbsxM01bke5jZXXRNpr1osDy0/U= sergo@ubuntu-pc\n\npackage_update: false\npackage_upgrade: false\npackages:\n  - nginx\n  - mc\nfinal_message:\n  - \"Container initialisation complete.\""
            },
            "metadata_options": [
              {
                "aws_v1_http_endpoint": 1,
                "aws_v1_http_token": 2,
                "gce_http_endpoint": 1,
                "gce_http_token": 1
              }
            ],
            "name": "master-node",
            "network_acceleration_type": "standard",
            "network_interface": [
              {
                "dns_record": [],
                "index": 0,
                "ip_address": "192.168.1.33",
                "ipv4": true,
                "ipv6": false,
                "ipv6_address": "",
                "ipv6_dns_record": [],
                "mac_address": "d0:0d:1a:6b:6a:30",
                "nat": true,
                "nat_dns_record": [],
                "nat_ip_address": "158.160.36.239",
                "nat_ip_version": "IPV4",
                "security_group_ids": [],
                "subnet_id": "e9baoaavr842usqpp4l9"
              }
            ],
            "placement_policy": [
              {
                "host_affinity_rules": [],
                "placement_group_id": "",
                "placement_group_partition": 0
              }
            ],
            "platform_id": "standard-v1",
            "resources": [
              {
                "core_fraction": 100,
                "cores": 4,
                "gpus": 0,
                "memory": 4
              }
            ],
            "scheduling_policy": [
              {
                "preemptible": false
              }
            ],
            "secondary_disk": [],
            "service_account_id": "",
            "status": "running",
            "timeouts": null,
            "zone": "ru-central1-a"
          },
          "sensitive_attributes": [],
          "private": "eyJlMmJmYjczMC1lY2FhLTExZTYtOGY4OC0zNDM2M2JjN2M0YzAiOnsiY3JlYXRlIjozMDAwMDAwMDAwMDAsImRlbGV0ZSI6MzAwMDAwMDAwMDAwLCJ1cGRhdGUiOjMwMDAwMDAwMDAwMH0sInNjaGVtYV92ZXJzaW9uIjoiMSJ9",
          "dependencies": [
            "data.template_file.cloudinit",
            "data.yandex_compute_image.ubuntu-2204-lts",
            "yandex_vpc_network.network",
            "yandex_vpc_subnet.subnet-2"
          ]
        }
      ]
    },
    {
      "mode": "managed",
      "type": "yandex_compute_instance",
      "name": "worker-nodes",
      "provider": "provider[\"registry.terraform.io/yandex-cloud/yandex\"]",
      "instances": [
        {
          "index_key": 0,
          "schema_version": 1,
          "attributes": {
            "allow_recreate": null,
            "allow_stopping_for_update": true,
            "boot_disk": [
              {
                "auto_delete": true,
                "device_name": "epd25n0itjii8am85t72",
                "disk_id": "epd25n0itjii8am85t72",
                "initialize_params": [
                  {
                    "block_size": 4096,
                    "description": "",
                    "image_id": "fd8hnnsnfn3v88bk0k1o",
                    "name": "",
                    "size": 50,
                    "snapshot_id": "",
                    "type": "network-hdd"
                  }
                ],
                "mode": "READ_WRITE"
              }
            ],
            "created_at": "2024-03-03T05:52:18Z",
            "description": "",
            "filesystem": [],
            "folder_id": "b1gjsnlha3fii86tav22",
            "fqdn": "worker-node-0",
            "gpu_cluster_id": "",
            "hostname": "worker-node-0.",
            "id": "epdm73fldgskb4rcg322",
            "labels": null,
            "local_disk": [],
            "maintenance_grace_period": "",
            "maintenance_policy": null,
            "metadata": {
              "user-data": "#cloud-config\nusers:\n  - name: ubuntu\n    groups: sudo\n    shell: /bin/bash\n    sudo: ['ALL=(ALL) NOPASSWD:ALL']\n    ssh_authorized_keys:\n      - ssh-rsa AAAAB3NzaC1yc2EAAAADAQABAAABgQCzwxDjhq2Bmhuvj62VJAq9kErGQC9bjtcQ8aQaOvVj2iodW4+stnnOb1UICdCouluHzAHwupQaI+jGdNB2zl9z05cT4iY8ecQIt3quyoxx+SxxfKb6ElzXCuzDK34fELJXwka8De9SJ4YQZZdNvt8wW79mvvJRbN3yebHJg5HpbllruvExh/MfPDjZ3T5rEd73CReH6RB1oFEMEex9n9a/CVn7xY66FGBjDw5eIoLa/jnT+iIe+mOSevslPrxKXVv0q+IFIXRHncDahBRCYaXmfKtWJ6JnN5Cntm6wL+zpGrUenn3sxjQ3FvgZdTprnJrlwB0hnFrO6B2WwRJ+GswVjw69Y9fh9SxCWNsUfGza14dyzpoYXqxuzsTsaWHRm7ITi1aNYH+bevruqEvjmAIcNtGEnlfLv3KSk5hlv13xCt1Q8iN20sQCq0PPqiIjtivTcMd46roWCT+L9Rq1xAHVCeZDRbBb8EY+wAiS91otg/+O+Nbihe/LnpRjAoFijfc= sergo@ubuntu-pc\n\n  - name: jenkins\n    groups: sudo\n    shell: /bin/bash\n    sudo: ['ALL=(ALL) NOPASSWD:ALL']\n    ssh_authorized_keys:\n      - ssh-rsa AAAAB3NzaC1yc2EAAAADAQABAAABgQCUEZCmEK/nVLwv6GxrodlrKk3Wfi4PL+mp5Y6aLB+BbPhBQNsdfPRJZXamgQwIyoDoxa1oltU7e2qr1bz0qNfDw0WU+m/VykzNN9iuHBJ6NsnH7ewk/QiWlfnfqwqVjGpLhTrIknM03NVFDVyloYtUMMD2qzranlzilfxu8cvSmT6qw5sN4n3H1SvUNfTWyXKhujrmLBMAGJ+aTjcPMoN1F15SM7PiKA/0rtNWuiCAlWrK/LZ15WBEc3VdUYIwxcSa6ONnQ/KWfxzYpOwjIm7FwMpwzWxUmmZGbwVYut8fDdOGN0sB+yo5okAdEgaLt55jOIM/93D1uY+JDVcTBM5QKg3natJszPagteJ7uqwQEetMN3dpAxG0MaRa0zAyJTEp+mrCkaxGopxfIVQNI7Q0nnZ+xH9Jq2kkJ/xMZQl7zkqutiDKjHqXq0z9lKCmwxh90QWRl1C1OZIP2QT7A8sfgUSFwkCOle2+lxgVkbsxM01bke5jZXXRNpr1osDy0/U= sergo@ubuntu-pc\n\npackage_update: false\npackage_upgrade: false\npackages:\n  - nginx\n  - mc\nfinal_message:\n  - \"Container initialisation complete.\""
            },
            "metadata_options": [
              {
                "aws_v1_http_endpoint": 1,
                "aws_v1_http_token": 2,
                "gce_http_endpoint": 1,
                "gce_http_token": 1
              }
            ],
            "name": "worker-node-0",
            "network_acceleration_type": "standard",
            "network_interface": [
              {
                "dns_record": [],
                "index": 0,
                "ip_address": "192.168.2.8",
                "ipv4": true,
                "ipv6": false,
                "ipv6_address": "",
                "ipv6_dns_record": [],
                "mac_address": "d0:0d:16:38:df:56",
                "nat": true,
                "nat_dns_record": [],
                "nat_ip_address": "51.250.107.247",
                "nat_ip_version": "IPV4",
                "security_group_ids": [],
                "subnet_id": "e2laki7n2o25m09e7gmk"
              }
            ],
            "placement_policy": [
              {
                "host_affinity_rules": [],
                "placement_group_id": "",
                "placement_group_partition": 0
              }
            ],
            "platform_id": "standard-v1",
            "resources": [
              {
                "core_fraction": 100,
                "cores": 4,
                "gpus": 0,
                "memory": 4
              }
            ],
            "scheduling_policy": [
              {
                "preemptible": false
              }
            ],
            "secondary_disk": [],
            "service_account_id": "",
            "status": "running",
            "timeouts": null,
            "zone": "ru-central1-b"
          },
          "sensitive_attributes": [],
          "private": "eyJlMmJmYjczMC1lY2FhLTExZTYtOGY4OC0zNDM2M2JjN2M0YzAiOnsiY3JlYXRlIjozMDAwMDAwMDAwMDAsImRlbGV0ZSI6MzAwMDAwMDAwMDAwLCJ1cGRhdGUiOjMwMDAwMDAwMDAwMH0sInNjaGVtYV92ZXJzaW9uIjoiMSJ9",
          "dependencies": [
            "data.template_file.cloudinit",
            "data.yandex_compute_image.ubuntu-2204-lts",
            "yandex_vpc_network.network",
            "yandex_vpc_subnet.subnet-zones"
          ]
        },
        {
          "index_key": 1,
          "schema_version": 1,
          "attributes": {
            "allow_recreate": null,
            "allow_stopping_for_update": true,
            "boot_disk": [
              {
                "auto_delete": true,
                "device_name": "epdj8i6tg663t5arimqa",
                "disk_id": "epdj8i6tg663t5arimqa",
                "initialize_params": [
                  {
                    "block_size": 4096,
                    "description": "",
                    "image_id": "fd8hnnsnfn3v88bk0k1o",
                    "name": "",
                    "size": 50,
                    "snapshot_id": "",
                    "type": "network-hdd"
                  }
                ],
                "mode": "READ_WRITE"
              }
            ],
            "created_at": "2024-03-03T05:52:18Z",
            "description": "",
            "filesystem": [],
            "folder_id": "b1gjsnlha3fii86tav22",
            "fqdn": "worker-node-1",
            "gpu_cluster_id": "",
            "hostname": "worker-node-1.",
            "id": "epdf69btc59e2ddb8cn5",
            "labels": null,
            "local_disk": [],
            "maintenance_grace_period": "",
            "maintenance_policy": null,
            "metadata": {
              "user-data": "#cloud-config\nusers:\n  - name: ubuntu\n    groups: sudo\n    shell: /bin/bash\n    sudo: ['ALL=(ALL) NOPASSWD:ALL']\n    ssh_authorized_keys:\n      - ssh-rsa AAAAB3NzaC1yc2EAAAADAQABAAABgQCzwxDjhq2Bmhuvj62VJAq9kErGQC9bjtcQ8aQaOvVj2iodW4+stnnOb1UICdCouluHzAHwupQaI+jGdNB2zl9z05cT4iY8ecQIt3quyoxx+SxxfKb6ElzXCuzDK34fELJXwka8De9SJ4YQZZdNvt8wW79mvvJRbN3yebHJg5HpbllruvExh/MfPDjZ3T5rEd73CReH6RB1oFEMEex9n9a/CVn7xY66FGBjDw5eIoLa/jnT+iIe+mOSevslPrxKXVv0q+IFIXRHncDahBRCYaXmfKtWJ6JnN5Cntm6wL+zpGrUenn3sxjQ3FvgZdTprnJrlwB0hnFrO6B2WwRJ+GswVjw69Y9fh9SxCWNsUfGza14dyzpoYXqxuzsTsaWHRm7ITi1aNYH+bevruqEvjmAIcNtGEnlfLv3KSk5hlv13xCt1Q8iN20sQCq0PPqiIjtivTcMd46roWCT+L9Rq1xAHVCeZDRbBb8EY+wAiS91otg/+O+Nbihe/LnpRjAoFijfc= sergo@ubuntu-pc\n\n  - name: jenkins\n    groups: sudo\n    shell: /bin/bash\n    sudo: ['ALL=(ALL) NOPASSWD:ALL']\n    ssh_authorized_keys:\n      - ssh-rsa AAAAB3NzaC1yc2EAAAADAQABAAABgQCUEZCmEK/nVLwv6GxrodlrKk3Wfi4PL+mp5Y6aLB+BbPhBQNsdfPRJZXamgQwIyoDoxa1oltU7e2qr1bz0qNfDw0WU+m/VykzNN9iuHBJ6NsnH7ewk/QiWlfnfqwqVjGpLhTrIknM03NVFDVyloYtUMMD2qzranlzilfxu8cvSmT6qw5sN4n3H1SvUNfTWyXKhujrmLBMAGJ+aTjcPMoN1F15SM7PiKA/0rtNWuiCAlWrK/LZ15WBEc3VdUYIwxcSa6ONnQ/KWfxzYpOwjIm7FwMpwzWxUmmZGbwVYut8fDdOGN0sB+yo5okAdEgaLt55jOIM/93D1uY+JDVcTBM5QKg3natJszPagteJ7uqwQEetMN3dpAxG0MaRa0zAyJTEp+mrCkaxGopxfIVQNI7Q0nnZ+xH9Jq2kkJ/xMZQl7zkqutiDKjHqXq0z9lKCmwxh90QWRl1C1OZIP2QT7A8sfgUSFwkCOle2+lxgVkbsxM01bke5jZXXRNpr1osDy0/U= sergo@ubuntu-pc\n\npackage_update: false\npackage_upgrade: false\npackages:\n  - nginx\n  - mc\nfinal_message:\n  - \"Container initialisation complete.\""
            },
            "metadata_options": [
              {
                "aws_v1_http_endpoint": 1,
                "aws_v1_http_token": 2,
                "gce_http_endpoint": 1,
                "gce_http_token": 1
              }
            ],
            "name": "worker-node-1",
            "network_acceleration_type": "standard",
            "network_interface": [
              {
                "dns_record": [],
                "index": 0,
                "ip_address": "192.168.3.26",
                "ipv4": true,
                "ipv6": false,
                "ipv6_address": "",
                "ipv6_dns_record": [],
                "mac_address": "d0:0d:f3:25:7d:61",
                "nat": true,
                "nat_dns_record": [],
                "nat_ip_address": "51.250.27.49",
                "nat_ip_version": "IPV4",
                "security_group_ids": [],
                "subnet_id": "e2lpt5etkg6epbe5pa69"
              }
            ],
            "placement_policy": [
              {
                "host_affinity_rules": [],
                "placement_group_id": "",
                "placement_group_partition": 0
              }
            ],
            "platform_id": "standard-v1",
            "resources": [
              {
                "core_fraction": 100,
                "cores": 4,
                "gpus": 0,
                "memory": 4
              }
            ],
            "scheduling_policy": [
              {
                "preemptible": false
              }
            ],
            "secondary_disk": [],
            "service_account_id": "",
            "status": "running",
            "timeouts": null,
            "zone": "ru-central1-b"
          },
          "sensitive_attributes": [],
          "private": "eyJlMmJmYjczMC1lY2FhLTExZTYtOGY4OC0zNDM2M2JjN2M0YzAiOnsiY3JlYXRlIjozMDAwMDAwMDAwMDAsImRlbGV0ZSI6MzAwMDAwMDAwMDAwLCJ1cGRhdGUiOjMwMDAwMDAwMDAwMH0sInNjaGVtYV92ZXJzaW9uIjoiMSJ9",
          "dependencies": [
            "data.template_file.cloudinit",
            "data.yandex_compute_image.ubuntu-2204-lts",
            "yandex_vpc_network.network",
            "yandex_vpc_subnet.subnet-zones"
          ]
        }
      ]
    },
    {
      "mode": "managed",
      "type": "yandex_iam_service_account",
      "name": "sergo-diplom",
      "provider": "provider[\"registry.terraform.io/yandex-cloud/yandex\"]",
      "instances": [
        {
          "schema_version": 0,
          "attributes": {
            "created_at": "2024-03-03T05:52:15Z",
            "description": "Service account",
            "folder_id": "b1gjsnlha3fii86tav22",
            "id": "ajem9pfe02d88phcpia8",
            "name": "sergo-diplom",
            "timeouts": null
          },
          "sensitive_attributes": [],
          "private": "eyJlMmJmYjczMC1lY2FhLTExZTYtOGY4OC0zNDM2M2JjN2M0YzAiOnsiY3JlYXRlIjo2MDAwMDAwMDAwMCwiZGVsZXRlIjo2MDAwMDAwMDAwMCwidXBkYXRlIjo2MDAwMDAwMDAwMH19"
        }
      ]
    },
    {
      "mode": "managed",
      "type": "yandex_iam_service_account_static_access_key",
      "name": "bucket-static_access_key",
      "provider": "provider[\"registry.terraform.io/yandex-cloud/yandex\"]",
      "instances": [
        {
          "schema_version": 0,
          "attributes": {
            "access_key": "YCAJEDDLG5B1EntqM6jUYYwSw",
            "created_at": "2024-03-03T05:52:18Z",
            "description": "Static access key for Terraform Backend Bucket",
            "encrypted_secret_key": null,
            "id": "aje0lnhkjcqv9hkls5eo",
            "key_fingerprint": null,
            "pgp_key": null,
            "secret_key": "YCNm-yrWgpFU2K3apQu7Bfj9-FA-7a_Yyrw0Tsu0",
            "service_account_id": "ajem9pfe02d88phcpia8"
          },
          "sensitive_attributes": [],
          "private": "bnVsbA==",
          "dependencies": [
            "yandex_iam_service_account.sergo-diplom"
          ]
        }
      ]
    },
    {
      "mode": "managed",
      "type": "yandex_kms_symmetric_key",
      "name": "key-a",
      "provider": "provider[\"registry.terraform.io/yandex-cloud/yandex\"]",
      "instances": [
        {
          "schema_version": 1,
          "attributes": {
            "created_at": "2024-03-03T05:52:15Z",
            "default_algorithm": "AES_128",
            "deletion_protection": false,
            "description": "Simmetric key",
            "folder_id": "b1gjsnlha3fii86tav22",
            "id": "abjsudgf0vnucbqqq7hp",
            "labels": null,
            "name": "symmetric-key",
            "rotated_at": "",
            "rotation_period": "8760h0m0s",
            "status": "active",
            "timeouts": null
          },
          "sensitive_attributes": [],
          "private": "eyJlMmJmYjczMC1lY2FhLTExZTYtOGY4OC0zNDM2M2JjN2M0YzAiOnsiY3JlYXRlIjo2MDAwMDAwMDAwMCwiZGVsZXRlIjo2MDAwMDAwMDAwMCwicmVhZCI6NjAwMDAwMDAwMDAsInVwZGF0ZSI6NjAwMDAwMDAwMDB9LCJzY2hlbWFfdmVyc2lvbiI6IjEifQ=="
        }
      ]
    },
    {
      "mode": "managed",
      "type": "yandex_resourcemanager_folder_iam_binding",
      "name": "editor",
      "provider": "provider[\"registry.terraform.io/yandex-cloud/yandex\"]",
      "instances": [
        {
          "schema_version": 0,
          "attributes": {
            "folder_id": "b1gjsnlha3fii86tav22",
            "id": "b1gjsnlha3fii86tav22/editor",
            "members": [
              "serviceAccount:ajem9pfe02d88phcpia8"
            ],
            "role": "editor",
            "sleep_after": null,
            "timeouts": null
          },
          "sensitive_attributes": [],
          "private": "eyJlMmJmYjczMC1lY2FhLTExZTYtOGY4OC0zNDM2M2JjN2M0YzAiOnsiY3JlYXRlIjo2MDAwMDAwMDAwMCwiZGVmYXVsdCI6NjAwMDAwMDAwMDAsImRlbGV0ZSI6NjAwMDAwMDAwMDAsInJlYWQiOjYwMDAwMDAwMDAwLCJ1cGRhdGUiOjYwMDAwMDAwMDAwfX0=",
          "dependencies": [
            "yandex_iam_service_account.sergo-diplom"
          ]
        }
      ]
    },
    {
      "mode": "managed",
      "type": "yandex_resourcemanager_folder_iam_binding",
      "name": "encrypterDecrypter",
      "provider": "provider[\"registry.terraform.io/yandex-cloud/yandex\"]",
      "instances": [
        {
          "schema_version": 0,
          "attributes": {
            "folder_id": "b1gjsnlha3fii86tav22",
            "id": "b1gjsnlha3fii86tav22/kms.keys.encrypterDecrypter",
            "members": [
              "serviceAccount:ajem9pfe02d88phcpia8"
            ],
            "role": "kms.keys.encrypterDecrypter",
            "sleep_after": null,
            "timeouts": null
          },
          "sensitive_attributes": [],
          "private": "eyJlMmJmYjczMC1lY2FhLTExZTYtOGY4OC0zNDM2M2JjN2M0YzAiOnsiY3JlYXRlIjo2MDAwMDAwMDAwMCwiZGVmYXVsdCI6NjAwMDAwMDAwMDAsImRlbGV0ZSI6NjAwMDAwMDAwMDAsInJlYWQiOjYwMDAwMDAwMDAwLCJ1cGRhdGUiOjYwMDAwMDAwMDAwfX0=",
          "dependencies": [
            "yandex_iam_service_account.sergo-diplom"
          ]
        }
      ]
    },
    {
      "mode": "managed",
      "type": "yandex_resourcemanager_folder_iam_binding",
      "name": "storage-admin",
      "provider": "provider[\"registry.terraform.io/yandex-cloud/yandex\"]",
      "instances": [
        {
          "schema_version": 0,
          "attributes": {
            "folder_id": "b1gjsnlha3fii86tav22",
            "id": "b1gjsnlha3fii86tav22/storage.admin",
            "members": [
              "serviceAccount:ajem9pfe02d88phcpia8"
            ],
            "role": "storage.admin",
            "sleep_after": null,
            "timeouts": null
          },
          "sensitive_attributes": [],
          "private": "eyJlMmJmYjczMC1lY2FhLTExZTYtOGY4OC0zNDM2M2JjN2M0YzAiOnsiY3JlYXRlIjo2MDAwMDAwMDAwMCwiZGVmYXVsdCI6NjAwMDAwMDAwMDAsImRlbGV0ZSI6NjAwMDAwMDAwMDAsInJlYWQiOjYwMDAwMDAwMDAwLCJ1cGRhdGUiOjYwMDAwMDAwMDAwfX0=",
          "dependencies": [
            "yandex_iam_service_account.sergo-diplom"
          ]
        }
      ]
    },
    {
      "mode": "managed",
      "type": "yandex_storage_bucket",
      "name": "diplom-bucket",
      "provider": "provider[\"registry.terraform.io/yandex-cloud/yandex\"]",
      "instances": [
        {
          "schema_version": 1,
          "attributes": {
            "access_key": "YCAJEDDLG5B1EntqM6jUYYwSw",
            "acl": null,
            "anonymous_access_flags": [
              {
                "config_read": null,
                "list": false,
                "read": false
              }
            ],
            "bucket": "diplom-bucket",
            "bucket_domain_name": "diplom-bucket.storage.yandexcloud.net",
            "bucket_prefix": null,
            "cors_rule": [],
            "default_storage_class": "STANDARD",
            "folder_id": "b1gjsnlha3fii86tav22",
            "force_destroy": true,
            "grant": [],
            "https": [],
            "id": "diplom-bucket",
            "lifecycle_rule": [],
            "logging": [],
            "max_size": 0,
            "object_lock_configuration": [],
            "policy": "",
            "secret_key": "YCNm-yrWgpFU2K3apQu7Bfj9-FA-7a_Yyrw0Tsu0",
            "server_side_encryption_configuration": [
              {
                "rule": [
                  {
                    "apply_server_side_encryption_by_default": [
                      {
                        "kms_master_key_id": "abjsudgf0vnucbqqq7hp",
                        "sse_algorithm": "aws:kms"
                      }
                    ]
                  }
                ]
              }
            ],
            "tags": null,
            "versioning": [
              {
                "enabled": false
              }
            ],
            "website": [],
            "website_domain": null,
            "website_endpoint": null
          },
          "sensitive_attributes": [
            [
              {
                "type": "get_attr",
                "value": "secret_key"
              }
            ]
          ],
          "private": "eyJzY2hlbWFfdmVyc2lvbiI6IjEifQ==",
          "dependencies": [
            "yandex_iam_service_account.sergo-diplom",
            "yandex_iam_service_account_static_access_key.bucket-static_access_key",
            "yandex_kms_symmetric_key.key-a"
          ]
        }
      ]
    },
    {
      "mode": "managed",
      "type": "yandex_storage_object",
      "name": "object-1",
      "provider": "provider[\"registry.terraform.io/yandex-cloud/yandex\"]",
      "instances": [
        {
          "schema_version": 0,
          "attributes": {
            "access_key": "YCAJEDDLG5B1EntqM6jUYYwSw",
            "acl": "private",
            "bucket": "diplom-bucket",
            "content": null,
            "content_base64": null,
            "content_type": "application/octet-stream",
            "id": "terraform/terraform.tfstate",
            "key": "terraform/terraform.tfstate",
            "object_lock_legal_hold_status": "OFF",
            "object_lock_mode": null,
            "object_lock_retain_until_date": null,
            "secret_key": "YCNm-yrWgpFU2K3apQu7Bfj9-FA-7a_Yyrw0Tsu0",
            "source": "./backend.key",
            "source_hash": null,
            "tags": null
          },
          "sensitive_attributes": [
            [
              {
                "type": "get_attr",
                "value": "secret_key"
              }
            ]
          ],
          "private": "bnVsbA==",
          "dependencies": [
            "local_file.backendConf",
            "yandex_iam_service_account.sergo-diplom",
            "yandex_iam_service_account_static_access_key.bucket-static_access_key",
            "yandex_kms_symmetric_key.key-a",
            "yandex_storage_bucket.diplom-bucket"
          ]
        }
      ]
    },
    {
      "mode": "managed",
      "type": "yandex_vpc_network",
      "name": "network",
      "provider": "provider[\"registry.terraform.io/yandex-cloud/yandex\"]",
      "instances": [
        {
          "schema_version": 0,
          "attributes": {
            "created_at": "2024-03-03T05:52:15Z",
            "default_security_group_id": "enpigidann5mnvmhktud",
            "description": "",
            "folder_id": "b1gjsnlha3fii86tav22",
            "id": "enprqggd2v1paql9u4av",
            "labels": {},
            "name": "my-net",
            "subnet_ids": [],
            "timeouts": null
          },
          "sensitive_attributes": [],
          "private": "eyJlMmJmYjczMC1lY2FhLTExZTYtOGY4OC0zNDM2M2JjN2M0YzAiOnsiY3JlYXRlIjo2MDAwMDAwMDAwMCwiZGVsZXRlIjo2MDAwMDAwMDAwMCwidXBkYXRlIjo2MDAwMDAwMDAwMH19"
        }
      ]
    },
    {
      "mode": "managed",
      "type": "yandex_vpc_subnet",
      "name": "subnet-2",
      "provider": "provider[\"registry.terraform.io/yandex-cloud/yandex\"]",
      "instances": [
        {
          "schema_version": 0,
          "attributes": {
            "created_at": "2024-03-03T05:52:18Z",
            "description": "",
            "dhcp_options": [],
            "folder_id": "b1gjsnlha3fii86tav22",
            "id": "e9baoaavr842usqpp4l9",
            "labels": {},
            "name": "subnet-2",
            "network_id": "enprqggd2v1paql9u4av",
            "route_table_id": "",
            "timeouts": null,
            "v4_cidr_blocks": [
              "192.168.1.0/24"
            ],
            "v6_cidr_blocks": [],
            "zone": "ru-central1-a"
          },
          "sensitive_attributes": [],
          "private": "eyJlMmJmYjczMC1lY2FhLTExZTYtOGY4OC0zNDM2M2JjN2M0YzAiOnsiY3JlYXRlIjoxODAwMDAwMDAwMDAsImRlbGV0ZSI6MTgwMDAwMDAwMDAwLCJ1cGRhdGUiOjE4MDAwMDAwMDAwMH19",
          "dependencies": [
            "yandex_vpc_network.network"
          ]
        }
      ]
    },
    {
      "mode": "managed",
      "type": "yandex_vpc_subnet",
      "name": "subnet-zones",
      "provider": "provider[\"registry.terraform.io/yandex-cloud/yandex\"]",
      "instances": [
        {
          "index_key": 0,
          "schema_version": 0,
          "attributes": {
            "created_at": "2024-03-03T05:52:17Z",
            "description": "",
            "dhcp_options": [],
            "folder_id": "b1gjsnlha3fii86tav22",
            "id": "e2laki7n2o25m09e7gmk",
            "labels": {},
            "name": "subnet-0",
            "network_id": "enprqggd2v1paql9u4av",
            "route_table_id": "",
            "timeouts": null,
            "v4_cidr_blocks": [
              "192.168.2.0/24"
            ],
            "v6_cidr_blocks": [],
            "zone": "ru-central1-b"
          },
          "sensitive_attributes": [],
          "private": "eyJlMmJmYjczMC1lY2FhLTExZTYtOGY4OC0zNDM2M2JjN2M0YzAiOnsiY3JlYXRlIjoxODAwMDAwMDAwMDAsImRlbGV0ZSI6MTgwMDAwMDAwMDAwLCJ1cGRhdGUiOjE4MDAwMDAwMDAwMH19",
          "dependencies": [
            "yandex_vpc_network.network"
          ]
        },
        {
          "index_key": 1,
          "schema_version": 0,
          "attributes": {
            "created_at": "2024-03-03T05:52:17Z",
            "description": "",
            "dhcp_options": [],
            "folder_id": "b1gjsnlha3fii86tav22",
            "id": "e2lpt5etkg6epbe5pa69",
            "labels": {},
            "name": "subnet-1",
            "network_id": "enprqggd2v1paql9u4av",
            "route_table_id": "",
            "timeouts": null,
            "v4_cidr_blocks": [
              "192.168.3.0/24"
            ],
            "v6_cidr_blocks": [],
            "zone": "ru-central1-b"
          },
          "sensitive_attributes": [],
          "private": "eyJlMmJmYjczMC1lY2FhLTExZTYtOGY4OC0zNDM2M2JjN2M0YzAiOnsiY3JlYXRlIjoxODAwMDAwMDAwMDAsImRlbGV0ZSI6MTgwMDAwMDAwMDAwLCJ1cGRhdGUiOjE4MDAwMDAwMDAwMH19",
          "dependencies": [
            "yandex_vpc_network.network"
          ]
        }
      ]
    }
  ],
  "check_results": null
}
